// !$*UTF8*$!
{
	archiveVersion = 1;
	classes = {
	};
	objectVersion = 50;
	objects = {

/* Begin PBXBuildFile section */
		882E6AA527057680004C1AF7 /* AppDelegate.swift in Sources */ = {isa = PBXBuildFile; fileRef = 882E6AA427057680004C1AF7 /* AppDelegate.swift */; };
		882E6AA727057680004C1AF7 /* SceneDelegate.swift in Sources */ = {isa = PBXBuildFile; fileRef = 882E6AA627057680004C1AF7 /* SceneDelegate.swift */; };
		882E6AA927057680004C1AF7 /* ViewController.swift in Sources */ = {isa = PBXBuildFile; fileRef = 882E6AA827057680004C1AF7 /* ViewController.swift */; };
		882E6AAC27057680004C1AF7 /* Main.storyboard in Resources */ = {isa = PBXBuildFile; fileRef = 882E6AAA27057680004C1AF7 /* Main.storyboard */; };
		882E6AAE27057684004C1AF7 /* Assets.xcassets in Resources */ = {isa = PBXBuildFile; fileRef = 882E6AAD27057684004C1AF7 /* Assets.xcassets */; };
		882E6AB127057684004C1AF7 /* LaunchScreen.storyboard in Resources */ = {isa = PBXBuildFile; fileRef = 882E6AAF27057684004C1AF7 /* LaunchScreen.storyboard */; };
		882E6AD927069BFF004C1AF7 /* Pet.swift in Sources */ = {isa = PBXBuildFile; fileRef = 882E6AD827069BFF004C1AF7 /* Pet.swift */; };
		882E6ADD2706BB7A004C1AF7 /* feed.mp3 in Resources */ = {isa = PBXBuildFile; fileRef = 882E6ADB2706BB7A004C1AF7 /* feed.mp3 */; };
		88E7E182279F73F700ADDAB3 /* DisplayView.swift in Sources */ = {isa = PBXBuildFile; fileRef = 88E7E181279F73F700ADDAB3 /* DisplayView.swift */; };
/* End PBXBuildFile section */

/* Begin PBXContainerItemProxy section */
		882E6AB827057685004C1AF7 /* PBXContainerItemProxy */ = {
			isa = PBXContainerItemProxy;
			containerPortal = 882E6A9927057680004C1AF7 /* Project object */;
			proxyType = 1;
			remoteGlobalIDString = 882E6AA027057680004C1AF7;
			remoteInfo = Lab2;
		};
		882E6AC327057685004C1AF7 /* PBXContainerItemProxy */ = {
			isa = PBXContainerItemProxy;
			containerPortal = 882E6A9927057680004C1AF7 /* Project object */;
			proxyType = 1;
			remoteGlobalIDString = 882E6AA027057680004C1AF7;
			remoteInfo = Lab2;
		};
/* End PBXContainerItemProxy section */

/* Begin PBXFileReference section */
		882E6AA127057680004C1AF7 /* Lab2.app */ = {isa = PBXFileReference; explicitFileType = wrapper.application; includeInIndex = 0; path = Lab2.app; sourceTree = BUILT_PRODUCTS_DIR; };
		882E6AA427057680004C1AF7 /* AppDelegate.swift */ = {isa = PBXFileReference; lastKnownFileType = sourcecode.swift; path = AppDelegate.swift; sourceTree = "<group>"; };
		882E6AA627057680004C1AF7 /* SceneDelegate.swift */ = {isa = PBXFileReference; lastKnownFileType = sourcecode.swift; path = SceneDelegate.swift; sourceTree = "<group>"; };
		882E6AA827057680004C1AF7 /* ViewController.swift */ = {isa = PBXFileReference; lastKnownFileType = sourcecode.swift; path = ViewController.swift; sourceTree = "<group>"; };
		882E6AAB27057680004C1AF7 /* Base */ = {isa = PBXFileReference; lastKnownFileType = file.storyboard; name = Base; path = Base.lproj/Main.storyboard; sourceTree = "<group>"; };
		882E6AAD27057684004C1AF7 /* Assets.xcassets */ = {isa = PBXFileReference; lastKnownFileType = folder.assetcatalog; path = Assets.xcassets; sourceTree = "<group>"; };
		882E6AB027057684004C1AF7 /* Base */ = {isa = PBXFileReference; lastKnownFileType = file.storyboard; name = Base; path = Base.lproj/LaunchScreen.storyboard; sourceTree = "<group>"; };
		882E6AB227057684004C1AF7 /* Info.plist */ = {isa = PBXFileReference; lastKnownFileType = text.plist.xml; path = Info.plist; sourceTree = "<group>"; };
		882E6AB727057685004C1AF7 /* Lab2Tests.xctest */ = {isa = PBXFileReference; explicitFileType = wrapper.cfbundle; includeInIndex = 0; path = Lab2Tests.xctest; sourceTree = BUILT_PRODUCTS_DIR; };
		882E6AC227057685004C1AF7 /* Lab2UITests.xctest */ = {isa = PBXFileReference; explicitFileType = wrapper.cfbundle; includeInIndex = 0; path = Lab2UITests.xctest; sourceTree = BUILT_PRODUCTS_DIR; };
		882E6AD827069BFF004C1AF7 /* Pet.swift */ = {isa = PBXFileReference; lastKnownFileType = sourcecode.swift; path = Pet.swift; sourceTree = "<group>"; };
		882E6ADB2706BB7A004C1AF7 /* feed.mp3 */ = {isa = PBXFileReference; lastKnownFileType = audio.mp3; path = feed.mp3; sourceTree = "<group>"; };
		88E7E181279F73F700ADDAB3 /* DisplayView.swift */ = {isa = PBXFileReference; fileEncoding = 4; lastKnownFileType = sourcecode.swift; path = DisplayView.swift; sourceTree = "<group>"; };
/* End PBXFileReference section */

/* Begin PBXFrameworksBuildPhase section */
		882E6A9E27057680004C1AF7 /* Frameworks */ = {
			isa = PBXFrameworksBuildPhase;
			buildActionMask = 2147483647;
			files = (
			);
			runOnlyForDeploymentPostprocessing = 0;
		};
		882E6AB427057685004C1AF7 /* Frameworks */ = {
			isa = PBXFrameworksBuildPhase;
			buildActionMask = 2147483647;
			files = (
			);
			runOnlyForDeploymentPostprocessing = 0;
		};
		882E6ABF27057685004C1AF7 /* Frameworks */ = {
			isa = PBXFrameworksBuildPhase;
			buildActionMask = 2147483647;
			files = (
			);
			runOnlyForDeploymentPostprocessing = 0;
		};
/* End PBXFrameworksBuildPhase section */

/* Begin PBXGroup section */
		882E6A9827057680004C1AF7 = {
			isa = PBXGroup;
			children = (
				882E6AA327057680004C1AF7 /* Lab2 */,
				882E6AA227057680004C1AF7 /* Products */,
			);
			sourceTree = "<group>";
		};
		882E6AA227057680004C1AF7 /* Products */ = {
			isa = PBXGroup;
			children = (
				882E6AA127057680004C1AF7 /* Lab2.app */,
				882E6AB727057685004C1AF7 /* Lab2Tests.xctest */,
				882E6AC227057685004C1AF7 /* Lab2UITests.xctest */,
			);
			name = Products;
			sourceTree = "<group>";
		};
		882E6AA327057680004C1AF7 /* Lab2 */ = {
			isa = PBXGroup;
			children = (
				882E6ADB2706BB7A004C1AF7 /* feed.mp3 */,
				882E6AA427057680004C1AF7 /* AppDelegate.swift */,
				882E6AA627057680004C1AF7 /* SceneDelegate.swift */,
				882E6AA827057680004C1AF7 /* ViewController.swift */,
				88E7E181279F73F700ADDAB3 /* DisplayView.swift */,
				882E6AD827069BFF004C1AF7 /* Pet.swift */,
				882E6AAA27057680004C1AF7 /* Main.storyboard */,
				882E6AAD27057684004C1AF7 /* Assets.xcassets */,
				882E6AAF27057684004C1AF7 /* LaunchScreen.storyboard */,
				882E6AB227057684004C1AF7 /* Info.plist */,
			);
			path = Lab2;
			sourceTree = "<group>";
		};
/* End PBXGroup section */

/* Begin PBXNativeTarget section */
		882E6AA027057680004C1AF7 /* Lab2 */ = {
			isa = PBXNativeTarget;
			buildConfigurationList = 882E6ACB27057685004C1AF7 /* Build configuration list for PBXNativeTarget "Lab2" */;
			buildPhases = (
				882E6A9D27057680004C1AF7 /* Sources */,
				882E6A9E27057680004C1AF7 /* Frameworks */,
				882E6A9F27057680004C1AF7 /* Resources */,
			);
			buildRules = (
			);
			dependencies = (
			);
			name = Lab2;
			productName = Lab2;
			productReference = 882E6AA127057680004C1AF7 /* Lab2.app */;
			productType = "com.apple.product-type.application";
		};
		882E6AB627057685004C1AF7 /* Lab2Tests */ = {
			isa = PBXNativeTarget;
			buildConfigurationList = 882E6ACE27057685004C1AF7 /* Build configuration list for PBXNativeTarget "Lab2Tests" */;
			buildPhases = (
				882E6AB327057685004C1AF7 /* Sources */,
				882E6AB427057685004C1AF7 /* Frameworks */,
				882E6AB527057685004C1AF7 /* Resources */,
			);
			buildRules = (
			);
			dependencies = (
				882E6AB927057685004C1AF7 /* PBXTargetDependency */,
			);
			name = Lab2Tests;
			productName = Lab2Tests;
			productReference = 882E6AB727057685004C1AF7 /* Lab2Tests.xctest */;
			productType = "com.apple.product-type.bundle.unit-test";
		};
		882E6AC127057685004C1AF7 /* Lab2UITests */ = {
			isa = PBXNativeTarget;
			buildConfigurationList = 882E6AD127057685004C1AF7 /* Build configuration list for PBXNativeTarget "Lab2UITests" */;
			buildPhases = (
				882E6ABE27057685004C1AF7 /* Sources */,
				882E6ABF27057685004C1AF7 /* Frameworks */,
				882E6AC027057685004C1AF7 /* Resources */,
			);
			buildRules = (
			);
			dependencies = (
				882E6AC427057685004C1AF7 /* PBXTargetDependency */,
			);
			name = Lab2UITests;
			productName = Lab2UITests;
			productReference = 882E6AC227057685004C1AF7 /* Lab2UITests.xctest */;
			productType = "com.apple.product-type.bundle.ui-testing";
		};
/* End PBXNativeTarget section */

/* Begin PBXProject section */
		882E6A9927057680004C1AF7 /* Project object */ = {
			isa = PBXProject;
			attributes = {
				LastSwiftUpdateCheck = 1250;
				LastUpgradeCheck = 1250;
				TargetAttributes = {
					882E6AA027057680004C1AF7 = {
						CreatedOnToolsVersion = 12.5;
					};
					882E6AB627057685004C1AF7 = {
						CreatedOnToolsVersion = 12.5;
						TestTargetID = 882E6AA027057680004C1AF7;
					};
					882E6AC127057685004C1AF7 = {
						CreatedOnToolsVersion = 12.5;
						TestTargetID = 882E6AA027057680004C1AF7;
					};
				};
			};
			buildConfigurationList = 882E6A9C27057680004C1AF7 /* Build configuration list for PBXProject "Lab2" */;
			compatibilityVersion = "Xcode 9.3";
			developmentRegion = en;
			hasScannedForEncodings = 0;
			knownRegions = (
				en,
				Base,
			);
			mainGroup = 882E6A9827057680004C1AF7;
			productRefGroup = 882E6AA227057680004C1AF7 /* Products */;
			projectDirPath = "";
			projectRoot = "";
			targets = (
				882E6AA027057680004C1AF7 /* Lab2 */,
				882E6AB627057685004C1AF7 /* Lab2Tests */,
				882E6AC127057685004C1AF7 /* Lab2UITests */,
			);
		};
/* End PBXProject section */

/* Begin PBXResourcesBuildPhase section */
		882E6A9F27057680004C1AF7 /* Resources */ = {
			isa = PBXResourcesBuildPhase;
			buildActionMask = 2147483647;
			files = (
				882E6ADD2706BB7A004C1AF7 /* feed.mp3 in Resources */,
				882E6AB127057684004C1AF7 /* LaunchScreen.storyboard in Resources */,
				882E6AAE27057684004C1AF7 /* Assets.xcassets in Resources */,
				882E6AAC27057680004C1AF7 /* Main.storyboard in Resources */,
			);
			runOnlyForDeploymentPostprocessing = 0;
		};
		882E6AB527057685004C1AF7 /* Resources */ = {
			isa = PBXResourcesBuildPhase;
			buildActionMask = 2147483647;
			files = (
			);
			runOnlyForDeploymentPostprocessing = 0;
		};
		882E6AC027057685004C1AF7 /* Resources */ = {
			isa = PBXResourcesBuildPhase;
			buildActionMask = 2147483647;
			files = (
			);
			runOnlyForDeploymentPostprocessing = 0;
		};
/* End PBXResourcesBuildPhase section */

/* Begin PBXSourcesBuildPhase section */
		882E6A9D27057680004C1AF7 /* Sources */ = {
			isa = PBXSourcesBuildPhase;
			buildActionMask = 2147483647;
			files = (
				882E6AD927069BFF004C1AF7 /* Pet.swift in Sources */,
				882E6AA927057680004C1AF7 /* ViewController.swift in Sources */,
				88E7E182279F73F700ADDAB3 /* DisplayView.swift in Sources */,
				882E6AA527057680004C1AF7 /* AppDelegate.swift in Sources */,
				882E6AA727057680004C1AF7 /* SceneDelegate.swift in Sources */,
			);
			runOnlyForDeploymentPostprocessing = 0;
		};
		882E6AB327057685004C1AF7 /* Sources */ = {
			isa = PBXSourcesBuildPhase;
			buildActionMask = 2147483647;
			files = (
			);
			runOnlyForDeploymentPostprocessing = 0;
		};
		882E6ABE27057685004C1AF7 /* Sources */ = {
			isa = PBXSourcesBuildPhase;
			buildActionMask = 2147483647;
			files = (
			);
			runOnlyForDeploymentPostprocessing = 0;
		};
/* End PBXSourcesBuildPhase section */

/* Begin PBXTargetDependency section */
		882E6AB927057685004C1AF7 /* PBXTargetDependency */ = {
			isa = PBXTargetDependency;
			target = 882E6AA027057680004C1AF7 /* Lab2 */;
			targetProxy = 882E6AB827057685004C1AF7 /* PBXContainerItemProxy */;
		};
		882E6AC427057685004C1AF7 /* PBXTargetDependency */ = {
			isa = PBXTargetDependency;
			target = 882E6AA027057680004C1AF7 /* Lab2 */;
			targetProxy = 882E6AC327057685004C1AF7 /* PBXContainerItemProxy */;
		};
/* End PBXTargetDependency section */

/* Begin PBXVariantGroup section */
		882E6AAA27057680004C1AF7 /* Main.storyboard */ = {
			isa = PBXVariantGroup;
			children = (
				882E6AAB27057680004C1AF7 /* Base */,
			);
			name = Main.storyboard;
			sourceTree = "<group>";
		};
		882E6AAF27057684004C1AF7 /* LaunchScreen.storyboard */ = {
			isa = PBXVariantGroup;
			children = (
				882E6AB027057684004C1AF7 /* Base */,
			);
			name = LaunchScreen.storyboard;
			sourceTree = "<group>";
		};
/* End PBXVariantGroup section */

/* Begin XCBuildConfiguration section */
		882E6AC927057685004C1AF7 /* Debug */ = {
			isa = XCBuildConfiguration;
			buildSettings = {
				ALWAYS_SEARCH_USER_PATHS = NO;
				CLANG_ANALYZER_NONNULL = YES;
				CLANG_ANALYZER_NUMBER_OBJECT_CONVERSION = YES_AGGRESSIVE;
				CLANG_CXX_LANGUAGE_STANDARD = "gnu++14";
				CLANG_CXX_LIBRARY = "libc++";
				CLANG_ENABLE_MODULES = YES;
				CLANG_ENABLE_OBJC_ARC = YES;
				CLANG_ENABLE_OBJC_WEAK = YES;
				CLANG_WARN_BLOCK_CAPTURE_AUTORELEASING = YES;
				CLANG_WARN_BOOL_CONVERSION = YES;
				CLANG_WARN_COMMA = YES;
				CLANG_WARN_CONSTANT_CONVERSION = YES;
				CLANG_WARN_DEPRECATED_OBJC_IMPLEMENTATIONS = YES;
				CLANG_WARN_DIRECT_OBJC_ISA_USAGE = YES_ERROR;
				CLANG_WARN_DOCUMENTATION_COMMENTS = YES;
				CLANG_WARN_EMPTY_BODY = YES;
				CLANG_WARN_ENUM_CONVERSION = YES;
				CLANG_WARN_INFINITE_RECURSION = YES;
				CLANG_WARN_INT_CONVERSION = YES;
				CLANG_WARN_NON_LITERAL_NULL_CONVERSION = YES;
				CLANG_WARN_OBJC_IMPLICIT_RETAIN_SELF = YES;
				CLANG_WARN_OBJC_LITERAL_CONVERSION = YES;
				CLANG_WARN_OBJC_ROOT_CLASS = YES_ERROR;
				CLANG_WARN_QUOTED_INCLUDE_IN_FRAMEWORK_HEADER = YES;
				CLANG_WARN_RANGE_LOOP_ANALYSIS = YES;
				CLANG_WARN_STRICT_PROTOTYPES = YES;
				CLANG_WARN_SUSPICIOUS_MOVE = YES;
				CLANG_WARN_UNGUARDED_AVAILABILITY = YES_AGGRESSIVE;
				CLANG_WARN_UNREACHABLE_CODE = YES;
				CLANG_WARN__DUPLICATE_METHOD_MATCH = YES;
				COPY_PHASE_STRIP = NO;
				DEBUG_INFORMATION_FORMAT = dwarf;
				ENABLE_STRICT_OBJC_MSGSEND = YES;
				ENABLE_TESTABILITY = YES;
				GCC_C_LANGUAGE_STANDARD = gnu11;
				GCC_DYNAMIC_NO_PIC = NO;
				GCC_NO_COMMON_BLOCKS = YES;
				GCC_OPTIMIZATION_LEVEL = 0;
				GCC_PREPROCESSOR_DEFINITIONS = (
					"DEBUG=1",
					"$(inherited)",
				);
				GCC_WARN_64_TO_32_BIT_CONVERSION = YES;
				GCC_WARN_ABOUT_RETURN_TYPE = YES_ERROR;
				GCC_WARN_UNDECLARED_SELECTOR = YES;
				GCC_WARN_UNINITIALIZED_AUTOS = YES_AGGRESSIVE;
				GCC_WARN_UNUSED_FUNCTION = YES;
				GCC_WARN_UNUSED_VARIABLE = YES;
				IPHONEOS_DEPLOYMENT_TARGET = 14.5;
				MTL_ENABLE_DEBUG_INFO = INCLUDE_SOURCE;
				MTL_FAST_MATH = YES;
				ONLY_ACTIVE_ARCH = YES;
				SDKROOT = iphoneos;
				SWIFT_ACTIVE_COMPILATION_CONDITIONS = DEBUG;
				SWIFT_OPTIMIZATION_LEVEL = "-Onone";
			};
			name = Debug;
		};
		882E6ACA27057685004C1AF7 /* Release */ = {
			isa = XCBuildConfiguration;
			buildSettings = {
				ALWAYS_SEARCH_USER_PATHS = NO;
				CLANG_ANALYZER_NONNULL = YES;
				CLANG_ANALYZER_NUMBER_OBJECT_CONVERSION = YES_AGGRESSIVE;
				CLANG_CXX_LANGUAGE_STANDARD = "gnu++14";
				CLANG_CXX_LIBRARY = "libc++";
				CLANG_ENABLE_MODULES = YES;
				CLANG_ENABLE_OBJC_ARC = YES;
				CLANG_ENABLE_OBJC_WEAK = YES;
				CLANG_WARN_BLOCK_CAPTURE_AUTORELEASING = YES;
				CLANG_WARN_BOOL_CONVERSION = YES;
				CLANG_WARN_COMMA = YES;
				CLANG_WARN_CONSTANT_CONVERSION = YES;
				CLANG_WARN_DEPRECATED_OBJC_IMPLEMENTATIONS = YES;
				CLANG_WARN_DIRECT_OBJC_ISA_USAGE = YES_ERROR;
				CLANG_WARN_DOCUMENTATION_COMMENTS = YES;
				CLANG_WARN_EMPTY_BODY = YES;
				CLANG_WARN_ENUM_CONVERSION = YES;
				CLANG_WARN_INFINITE_RECURSION = YES;
				CLANG_WARN_INT_CONVERSION = YES;
				CLANG_WARN_NON_LITERAL_NULL_CONVERSION = YES;
				CLANG_WARN_OBJC_IMPLICIT_RETAIN_SELF = YES;
				CLANG_WARN_OBJC_LITERAL_CONVERSION = YES;
				CLANG_WARN_OBJC_ROOT_CLASS = YES_ERROR;
				CLANG_WARN_QUOTED_INCLUDE_IN_FRAMEWORK_HEADER = YES;
				CLANG_WARN_RANGE_LOOP_ANALYSIS = YES;
				CLANG_WARN_STRICT_PROTOTYPES = YES;
				CLANG_WARN_SUSPICIOUS_MOVE = YES;
				CLANG_WARN_UNGUARDED_AVAILABILITY = YES_AGGRESSIVE;
				CLANG_WARN_UNREACHABLE_CODE = YES;
				CLANG_WARN__DUPLICATE_METHOD_MATCH = YES;
				COPY_PHASE_STRIP = NO;
				DEBUG_INFORMATION_FORMAT = "dwarf-with-dsym";
				ENABLE_NS_ASSERTIONS = NO;
				ENABLE_STRICT_OBJC_MSGSEND = YES;
				GCC_C_LANGUAGE_STANDARD = gnu11;
				GCC_NO_COMMON_BLOCKS = YES;
				GCC_WARN_64_TO_32_BIT_CONVERSION = YES;
				GCC_WARN_ABOUT_RETURN_TYPE = YES_ERROR;
				GCC_WARN_UNDECLARED_SELECTOR = YES;
				GCC_WARN_UNINITIALIZED_AUTOS = YES_AGGRESSIVE;
				GCC_WARN_UNUSED_FUNCTION = YES;
				GCC_WARN_UNUSED_VARIABLE = YES;
				IPHONEOS_DEPLOYMENT_TARGET = 14.5;
				MTL_ENABLE_DEBUG_INFO = NO;
				MTL_FAST_MATH = YES;
				SDKROOT = iphoneos;
				SWIFT_COMPILATION_MODE = wholemodule;
				SWIFT_OPTIMIZATION_LEVEL = "-O";
				VALIDATE_PRODUCT = YES;
			};
			name = Release;
		};
		882E6ACC27057685004C1AF7 /* Debug */ = {
			isa = XCBuildConfiguration;
			buildSettings = {
				ASSETCATALOG_COMPILER_APPICON_NAME = AppIcon;
				ASSETCATALOG_COMPILER_GLOBAL_ACCENT_COLOR_NAME = AccentColor;
				CODE_SIGN_STYLE = Automatic;
				DEVELOPMENT_TEAM = T2C36GVSW5;
				INFOPLIST_FILE = Lab2/Info.plist;
				LD_RUNPATH_SEARCH_PATHS = (
					"$(inherited)",
					"@executable_path/Frameworks",
				);
				PRODUCT_BUNDLE_IDENTIFIER = NA.Lab2;
				PRODUCT_NAME = "$(TARGET_NAME)";
				SWIFT_VERSION = 5.0;
				TARGETED_DEVICE_FAMILY = "1,2";
			};
			name = Debug;
		};
		882E6ACD27057685004C1AF7 /* Release */ = {
			isa = XCBuildConfiguration;
			buildSettings = {
				ASSETCATALOG_COMPILER_APPICON_NAME = AppIcon;
				ASSETCATALOG_COMPILER_GLOBAL_ACCENT_COLOR_NAME = AccentColor;
				CODE_SIGN_STYLE = Automatic;
				DEVELOPMENT_TEAM = T2C36GVSW5;
				INFOPLIST_FILE = Lab2/Info.plist;
				LD_RUNPATH_SEARCH_PATHS = (
					"$(inherited)",
					"@executable_path/Frameworks",
				);
				PRODUCT_BUNDLE_IDENTIFIER = NA.Lab2;
				PRODUCT_NAME = "$(TARGET_NAME)";
				SWIFT_VERSION = 5.0;
				TARGETED_DEVICE_FAMILY = "1,2";
			};
			name = Release;
		};
		882E6ACF27057685004C1AF7 /* Debug */ = {
			isa = XCBuildConfiguration;
			buildSettings = {
				ALWAYS_EMBED_SWIFT_STANDARD_LIBRARIES = YES;
				BUNDLE_LOADER = "$(TEST_HOST)";
				CODE_SIGN_STYLE = Automatic;
				DEVELOPMENT_TEAM = T2C36GVSW5;
				INFOPLIST_FILE = Lab2Tests/Info.plist;
				IPHONEOS_DEPLOYMENT_TARGET = 14.5;
				LD_RUNPATH_SEARCH_PATHS = (
					"$(inherited)",
					"@executable_path/Frameworks",
					"@loader_path/Frameworks",
				);
				PRODUCT_BUNDLE_IDENTIFIER = NA.Lab2Tests;
				PRODUCT_NAME = "$(TARGET_NAME)";
				SWIFT_VERSION = 5.0;
				TARGETED_DEVICE_FAMILY = "1,2";
				TEST_HOST = "$(BUILT_PRODUCTS_DIR)/Lab2.app/Lab2";
			};
			name = Debug;
		};
		882E6AD027057685004C1AF7 /* Release */ = {
			isa = XCBuildConfiguration;
			buildSettings = {
				ALWAYS_EMBED_SWIFT_STANDARD_LIBRARIES = YES;
				BUNDLE_LOADER = "$(TEST_HOST)";
				CODE_SIGN_STYLE = Automatic;
				DEVELOPMENT_TEAM = T2C36GVSW5;
				INFOPLIST_FILE = Lab2Tests/Info.plist;
				IPHONEOS_DEPLOYMENT_TARGET = 14.5;
				LD_RUNPATH_SEARCH_PATHS = (
					"$(inherited)",
					"@executable_path/Frameworks",
					"@loader_path/Frameworks",
				);
				PRODUCT_BUNDLE_IDENTIFIER = NA.Lab2Tests;
				PRODUCT_NAME = "$(TARGET_NAME)";
				SWIFT_VERSION = 5.0;
				TARGETED_DEVICE_FAMILY = "1,2";
				TEST_HOST = "$(BUILT_PRODUCTS_DIR)/Lab2.app/Lab2";
			};
			name = Release;
		};
		882E6AD227057685004C1AF7 /* Debug */ = {
			isa = XCBuildConfiguration;
			buildSettings = {
				ALWAYS_EMBED_SWIFT_STANDARD_LIBRARIES = YES;
				CODE_SIGN_STYLE = Automatic;
				DEVELOPMENT_TEAM = T2C36GVSW5;
				INFOPLIST_FILE = Lab2UITests/Info.plist;
				LD_RUNPATH_SEARCH_PATHS = (
					"$(inherited)",
					"@executable_path/Frameworks",
					"@loader_path/Frameworks",
				);
				PRODUCT_BUNDLE_IDENTIFIER = NA.Lab2UITests;
				PRODUCT_NAME = "$(TARGET_NAME)";
				SWIFT_VERSION = 5.0;
				TARGETED_DEVICE_FAMILY = "1,2";
				TEST_TARGET_NAME = Lab2;
			};
			name = Debug;
		};
		882E6AD327057685004C1AF7 /* Release */ = {
			isa = XCBuildConfiguration;
			buildSettings = {
				ALWAYS_EMBED_SWIFT_STANDARD_LIBRARIES = YES;
				CODE_SIGN_STYLE = Automatic;
				DEVELOPMENT_TEAM = T2C36GVSW5;
				INFOPLIST_FILE = Lab2UITests/Info.plist;
				LD_RUNPATH_SEARCH_PATHS = (
					"$(inherited)",
					"@executable_path/Frameworks",
					"@loader_path/Frameworks",
				);
				PRODUCT_BUNDLE_IDENTIFIER = NA.Lab2UITests;
				PRODUCT_NAME = "$(TARGET_NAME)";
				SWIFT_VERSION = 5.0;
				TARGETED_DEVICE_FAMILY = "1,2";
				TEST_TARGET_NAME = Lab2;
			};
			name = Release;
		};
/* End XCBuildConfiguration section */

/* Begin XCConfigurationList section */
		882E6A9C27057680004C1AF7 /* Build configuration list for PBXProject "Lab2" */ = {
			isa = XCConfigurationList;
			buildConfigurations = (
				882E6AC927057685004C1AF7 /* Debug */,
				882E6ACA27057685004C1AF7 /* Release */,
			);
			defaultConfigurationIsVisible = 0;
			defaultConfigurationName = Release;
		};
		882E6ACB27057685004C1AF7 /* Build configuration list for PBXNativeTarget "Lab2" */ = {
			isa = XCConfigurationList;
			buildConfigurations = (
				882E6ACC27057685004C1AF7 /* Debug */,
				882E6ACD27057685004C1AF7 /* Release */,
			);
			defaultConfigurationIsVisible = 0;
			defaultConfigurationName = Release;
		};
		882E6ACE27057685004C1AF7 /* Build configuration list for PBXNativeTarget "Lab2Tests" */ = {
			isa = XCConfigurationList;
			buildConfigurations = (
				882E6ACF27057685004C1AF7 /* Debug */,
				882E6AD027057685004C1AF7 /* Release */,
			);
			defaultConfigurationIsVisible = 0;
			defaultConfigurationName = Release;
		};
		882E6AD127057685004C1AF7 /* Build configuration list for PBXNativeTarget "Lab2UITests" */ = {
			isa = XCConfigurationList;
			buildConfigurations = (
				882E6AD227057685004C1AF7 /* Debug */,
				882E6AD327057685004C1AF7 /* Release */,
			);
			defaultConfigurationIsVisible = 0;
			defaultConfigurationName = Release;
		};
/* End XCConfigurationList section */
	};
	rootObject = 882E6A9927057680004C1AF7 /* Project object */;
}
